{
  "object": {
    "pins": [
      {
        "package": "JKCSSwift",
        "repositoryURL": "https://github.com/zjkuang/JKCSSwift.git",
        "state": {
          "branch": null,
          "revision": "a1f82d468e79ede0477091c7d1b3b26be729c504",
          "version": "1.0.14"
        }
      }
    ]
  },
  "version": 1
}
