{
  "object": {
    "pins": [
      {
        "package": "JKCSSwift",
        "repositoryURL": "https://github.com/zjkuang/JKCSSwift.git",
        "state": {
          "branch": null,
          "revision": "cb64e81ae3f07bfc49f7c624cf95af85b969a602",
          "version": "1.0.5"
        }
      }
    ]
  },
  "version": 1
}
