{
  "object": {
    "pins": [
      {
        "package": "JKCSSwift",
        "repositoryURL": "https://github.com/zjkuang/JKCSSwift.git",
        "state": {
          "branch": null,
          "revision": "820765f3acb917fc9f4effc6d91ad1514cf2eb36",
          "version": "1.0.12"
        }
      }
    ]
  },
  "version": 1
}
